
Microsoft Visual Studio Solution File, Format Version 12.00
# Visual Studio Version 16
VisualStudioVersion = 16.0.29926.136
MinimumVisualStudioVersion = 10.0.40219.1
Project("{FAE04EC0-301F-11D3-BF4B-00C04F79EFBC}") = "Project_GymMembershipApp", "Project_GymMembershipApp\Project_GymMembershipApp.csproj", "{37E09C81-C20F-4999-B396-A3CC7EF6A059}"
EndProject
Global
	GlobalSection(SolutionConfigurationPlatforms) = preSolution
		Debug|Any CPU = Debug|Any CPU
		Release|Any CPU = Release|Any CPU
	EndGlobalSection
	GlobalSection(ProjectConfigurationPlatforms) = postSolution
		{37E09C81-C20F-4999-B396-A3CC7EF6A059}.Debug|Any CPU.ActiveCfg = Debug|Any CPU
		{37E09C81-C20F-4999-B396-A3CC7EF6A059}.Debug|Any CPU.Build.0 = Debug|Any CPU
		{37E09C81-C20F-4999-B396-A3CC7EF6A059}.Release|Any CPU.ActiveCfg = Release|Any CPU
		{37E09C81-C20F-4999-B396-A3CC7EF6A059}.Release|Any CPU.Build.0 = Release|Any CPU
	EndGlobalSection
	GlobalSection(SolutionProperties) = preSolution
		HideSolutionNode = FALSE
	EndGlobalSection
	GlobalSection(ExtensibilityGlobals) = postSolution
		SolutionGuid = {8AA1D10B-555D-4EB2-88DD-A2BF70421F7A}
	EndGlobalSection
EndGlobal
