
Microsoft Visual Studio Solution File, Format Version 12.00
# Visual Studio Version 16
VisualStudioVersion = 16.0.29926.136
MinimumVisualStudioVersion = 10.0.40219.1
Project("{FAE04EC0-301F-11D3-BF4B-00C04F79EFBC}") = "Customer Registry V3", "Customer Registry V1\Customer Registry V3.csproj", "{EF105A19-4EE7-49E0-BCEF-5DA23752CADF}"
EndProject
Global
	GlobalSection(SolutionConfigurationPlatforms) = preSolution
		Debug|Any CPU = Debug|Any CPU
		Release|Any CPU = Release|Any CPU
	EndGlobalSection
	GlobalSection(ProjectConfigurationPlatforms) = postSolution
		{EF105A19-4EE7-49E0-BCEF-5DA23752CADF}.Debug|Any CPU.ActiveCfg = Debug|Any CPU
		{EF105A19-4EE7-49E0-BCEF-5DA23752CADF}.Debug|Any CPU.Build.0 = Debug|Any CPU
		{EF105A19-4EE7-49E0-BCEF-5DA23752CADF}.Release|Any CPU.ActiveCfg = Release|Any CPU
		{EF105A19-4EE7-49E0-BCEF-5DA23752CADF}.Release|Any CPU.Build.0 = Release|Any CPU
	EndGlobalSection
	GlobalSection(SolutionProperties) = preSolution
		HideSolutionNode = FALSE
	EndGlobalSection
	GlobalSection(ExtensibilityGlobals) = postSolution
		SolutionGuid = {9759E5D2-16FF-4DC8-897C-F25A003CDB51}
	EndGlobalSection
EndGlobal
